
Microsoft Visual Studio Solution File, Format Version 12.00
Project("{FAE04EC0-301F-11D3-BF4B-00C04F79EFBC}") = "VIS_PR", "VIS_PR\VIS_PR.csproj", "{B2345422-A827-477E-BDD9-F25A9DC22D15}"
EndProject
Global
	GlobalSection(SolutionConfigurationPlatforms) = preSolution
		Debug|Any CPU = Debug|Any CPU
		Release|Any CPU = Release|Any CPU
	EndGlobalSection
	GlobalSection(ProjectConfigurationPlatforms) = postSolution
		{B2345422-A827-477E-BDD9-F25A9DC22D15}.Debug|Any CPU.ActiveCfg = Debug|Any CPU
		{B2345422-A827-477E-BDD9-F25A9DC22D15}.Debug|Any CPU.Build.0 = Debug|Any CPU
		{B2345422-A827-477E-BDD9-F25A9DC22D15}.Release|Any CPU.ActiveCfg = Release|Any CPU
		{B2345422-A827-477E-BDD9-F25A9DC22D15}.Release|Any CPU.Build.0 = Release|Any CPU
	EndGlobalSection
EndGlobal
